
Microsoft Visual Studio Solution File, Format Version 12.00
# Visual Studio Version 17
VisualStudioVersion = 17.13.35931.197 d17.13
MinimumVisualStudioVersion = 10.0.40219.1
Project("{FAE04EC0-301F-11D3-BF4B-00C04F79EFBC}") = "OnlineStoreRestfulApi", "OnlineStoreRestfulApi.csproj", "{1A97BF3D-89E5-4EB0-A8AE-B96AD37DF555}"
EndProject
Global
	GlobalSection(SolutionConfigurationPlatforms) = preSolution
		Debug|Any CPU = Debug|Any CPU
		Release|Any CPU = Release|Any CPU
	EndGlobalSection
	GlobalSection(ProjectConfigurationPlatforms) = postSolution
		{1A97BF3D-89E5-4EB0-A8AE-B96AD37DF555}.Debug|Any CPU.ActiveCfg = Debug|Any CPU
		{1A97BF3D-89E5-4EB0-A8AE-B96AD37DF555}.Debug|Any CPU.Build.0 = Debug|Any CPU
		{1A97BF3D-89E5-4EB0-A8AE-B96AD37DF555}.Release|Any CPU.ActiveCfg = Release|Any CPU
		{1A97BF3D-89E5-4EB0-A8AE-B96AD37DF555}.Release|Any CPU.Build.0 = Release|Any CPU
	EndGlobalSection
	GlobalSection(SolutionProperties) = preSolution
		HideSolutionNode = FALSE
	EndGlobalSection
	GlobalSection(ExtensibilityGlobals) = postSolution
		SolutionGuid = {F47EA797-62DE-4768-A35A-73E3DE88A43A}
	EndGlobalSection
EndGlobal
